
Microsoft Visual Studio Solution File, Format Version 12.00
# Visual Studio Version 16
VisualStudioVersion = 25.0.1706.9
MinimumVisualStudioVersion = 10.0.40219.1
Project("{FAE04EC0-301F-11D3-BF4B-00C04F79EFBC}") = "SIREN", "SIREN.csproj", "{C75D057B-6FE9-4100-A26F-479682F3E6D9}"
EndProject
Global
	GlobalSection(SolutionConfigurationPlatforms) = preSolution
		Debug|Any CPU = Debug|Any CPU
		Release|Any CPU = Release|Any CPU
	EndGlobalSection
	GlobalSection(ProjectConfigurationPlatforms) = postSolution
		{C75D057B-6FE9-4100-A26F-479682F3E6D9}.Debug|Any CPU.ActiveCfg = Debug|Any CPU
		{C75D057B-6FE9-4100-A26F-479682F3E6D9}.Debug|Any CPU.Build.0 = Debug|Any CPU
		{C75D057B-6FE9-4100-A26F-479682F3E6D9}.Release|Any CPU.ActiveCfg = Release|Any CPU
		{C75D057B-6FE9-4100-A26F-479682F3E6D9}.Release|Any CPU.Build.0 = Release|Any CPU
	EndGlobalSection
	GlobalSection(SolutionProperties) = preSolution
		HideSolutionNode = FALSE
	EndGlobalSection
	GlobalSection(ExtensibilityGlobals) = postSolution
		SolutionGuid = {8086AD6A-9CAD-4B0F-845A-EA997B1655AC}
	EndGlobalSection
EndGlobal
